
Microsoft Visual Studio Solution File, Format Version 12.00
# Visual Studio Version 16
VisualStudioVersion = 16.0.30523.141
MinimumVisualStudioVersion = 10.0.40219.1
Project("{2150E333-8FDC-42A3-9474-1A3956D46DE8}") = "src", "src", "{321FC739-ADAC-4945-8AAB-17ED66FC0F05}"
EndProject
Project("{2150E333-8FDC-42A3-9474-1A3956D46DE8}") = "tests", "tests", "{BB4D4987-643C-4BCB-9A83-4EA55FA579E9}"
EndProject
Project("{2150E333-8FDC-42A3-9474-1A3956D46DE8}") = "scripts", "scripts", "{4DD5018E-CE0E-41B5-828B-2751DDCB5FB4}"
EndProject
Project("{2150E333-8FDC-42A3-9474-1A3956D46DE8}") = "docs", "docs", "{75676D4A-9C05-40E9-ADC3-470E7E7F382A}"
EndProject
Project("{9A19103F-16F7-4668-BE54-9A1E7A4F7556}") = "ProbaDotnetSDK", "src\ProbaDotnetSDK\ProbaDotnetSDK.csproj", "{48AFEF39-4E28-4C2D-A497-EE2CEEFECE08}"
EndProject
Project("{9A19103F-16F7-4668-BE54-9A1E7A4F7556}") = "UnitTests", "tests\UnitTest\UnitTests.csproj", "{89C04B9F-3B27-478C-B8B3-A04D1BE3689D}"
EndProject
Project("{2150E333-8FDC-42A3-9474-1A3956D46DE8}") = "devTest", "devTest", "{36B1CC6F-2B37-4BB0-A457-0D27A99FFB48}"
EndProject
Project("{9A19103F-16F7-4668-BE54-9A1E7A4F7556}") = "ConsoleApp1", "devTests\ConsoleApp1\ConsoleApp1.csproj", "{753795F4-BD74-407D-AB28-70B83CD23F36}"
EndProject
Project("{9A19103F-16F7-4668-BE54-9A1E7A4F7556}") = "WpfApp1", "devTests\WpfApp1\WpfApp1.csproj", "{5E02DD40-0D83-4A9C-B8B7-72823EFCE1DE}"
EndProject
Global
	GlobalSection(SolutionConfigurationPlatforms) = preSolution
		Debug|Any CPU = Debug|Any CPU
		Release|Any CPU = Release|Any CPU
	EndGlobalSection
	GlobalSection(ProjectConfigurationPlatforms) = postSolution
		{48AFEF39-4E28-4C2D-A497-EE2CEEFECE08}.Debug|Any CPU.ActiveCfg = Debug|Any CPU
		{48AFEF39-4E28-4C2D-A497-EE2CEEFECE08}.Debug|Any CPU.Build.0 = Debug|Any CPU
		{48AFEF39-4E28-4C2D-A497-EE2CEEFECE08}.Release|Any CPU.ActiveCfg = Release|Any CPU
		{48AFEF39-4E28-4C2D-A497-EE2CEEFECE08}.Release|Any CPU.Build.0 = Release|Any CPU
		{89C04B9F-3B27-478C-B8B3-A04D1BE3689D}.Debug|Any CPU.ActiveCfg = Debug|Any CPU
		{89C04B9F-3B27-478C-B8B3-A04D1BE3689D}.Debug|Any CPU.Build.0 = Debug|Any CPU
		{89C04B9F-3B27-478C-B8B3-A04D1BE3689D}.Release|Any CPU.ActiveCfg = Release|Any CPU
		{89C04B9F-3B27-478C-B8B3-A04D1BE3689D}.Release|Any CPU.Build.0 = Release|Any CPU
		{753795F4-BD74-407D-AB28-70B83CD23F36}.Debug|Any CPU.ActiveCfg = Debug|Any CPU
		{753795F4-BD74-407D-AB28-70B83CD23F36}.Debug|Any CPU.Build.0 = Debug|Any CPU
		{753795F4-BD74-407D-AB28-70B83CD23F36}.Release|Any CPU.ActiveCfg = Release|Any CPU
		{753795F4-BD74-407D-AB28-70B83CD23F36}.Release|Any CPU.Build.0 = Release|Any CPU
		{5E02DD40-0D83-4A9C-B8B7-72823EFCE1DE}.Debug|Any CPU.ActiveCfg = Debug|Any CPU
		{5E02DD40-0D83-4A9C-B8B7-72823EFCE1DE}.Debug|Any CPU.Build.0 = Debug|Any CPU
		{5E02DD40-0D83-4A9C-B8B7-72823EFCE1DE}.Release|Any CPU.ActiveCfg = Release|Any CPU
		{5E02DD40-0D83-4A9C-B8B7-72823EFCE1DE}.Release|Any CPU.Build.0 = Release|Any CPU
	EndGlobalSection
	GlobalSection(SolutionProperties) = preSolution
		HideSolutionNode = FALSE
	EndGlobalSection
	GlobalSection(NestedProjects) = preSolution
		{48AFEF39-4E28-4C2D-A497-EE2CEEFECE08} = {321FC739-ADAC-4945-8AAB-17ED66FC0F05}
		{89C04B9F-3B27-478C-B8B3-A04D1BE3689D} = {BB4D4987-643C-4BCB-9A83-4EA55FA579E9}
		{753795F4-BD74-407D-AB28-70B83CD23F36} = {36B1CC6F-2B37-4BB0-A457-0D27A99FFB48}
		{5E02DD40-0D83-4A9C-B8B7-72823EFCE1DE} = {36B1CC6F-2B37-4BB0-A457-0D27A99FFB48}
	EndGlobalSection
	GlobalSection(ExtensibilityGlobals) = postSolution
		SolutionGuid = {20592150-8CCA-4B64-85D8-0E410CE988D7}
	EndGlobalSection
EndGlobal
